
Microsoft Visual Studio Solution File, Format Version 12.00
# Visual Studio Version 17
VisualStudioVersion = 17.5.33424.131
MinimumVisualStudioVersion = 10.0.40219.1
Project("{FAE04EC0-301F-11D3-BF4B-00C04F79EFBC}") = "205051924lLab8", "205051924lLab8.csproj", "{7FCC089A-11ED-4DE4-BB40-B45F0F8E6E3C}"
EndProject
Global
	GlobalSection(SolutionConfigurationPlatforms) = preSolution
		Debug|Any CPU = Debug|Any CPU
		Release|Any CPU = Release|Any CPU
	EndGlobalSection
	GlobalSection(ProjectConfigurationPlatforms) = postSolution
		{7FCC089A-11ED-4DE4-BB40-B45F0F8E6E3C}.Debug|Any CPU.ActiveCfg = Debug|Any CPU
		{7FCC089A-11ED-4DE4-BB40-B45F0F8E6E3C}.Debug|Any CPU.Build.0 = Debug|Any CPU
		{7FCC089A-11ED-4DE4-BB40-B45F0F8E6E3C}.Release|Any CPU.ActiveCfg = Release|Any CPU
		{7FCC089A-11ED-4DE4-BB40-B45F0F8E6E3C}.Release|Any CPU.Build.0 = Release|Any CPU
	EndGlobalSection
	GlobalSection(SolutionProperties) = preSolution
		HideSolutionNode = FALSE
	EndGlobalSection
	GlobalSection(ExtensibilityGlobals) = postSolution
		SolutionGuid = {7411F8E6-27C3-407E-8116-2070DFCDC2E1}
	EndGlobalSection
EndGlobal
